// !$*UTF8*$!
{
	archiveVersion = 1;
	classes = {
	};
	objectVersion = 55;
	objects = {

/* Begin PBXBuildFile section */
		442EE821C37244C79B5A463A /* Pods_SportsApp.framework in Frameworks */ = {isa = PBXBuildFile; fileRef = B49BBF21B616D14AE14C61A4 /* Pods_SportsApp.framework */; };
		4D93631A281C7B570067F139 /* AppDelegate.swift in Sources */ = {isa = PBXBuildFile; fileRef = 4D936319281C7B570067F139 /* AppDelegate.swift */; };
		4D93631C281C7B570067F139 /* SceneDelegate.swift in Sources */ = {isa = PBXBuildFile; fileRef = 4D93631B281C7B570067F139 /* SceneDelegate.swift */; };
		4D93631E281C7B570067F139 /* ViewController.swift in Sources */ = {isa = PBXBuildFile; fileRef = 4D93631D281C7B570067F139 /* ViewController.swift */; };
		4D936321281C7B570067F139 /* Main.storyboard in Resources */ = {isa = PBXBuildFile; fileRef = 4D93631F281C7B570067F139 /* Main.storyboard */; };
		4D936324281C7B570067F139 /* SportsApp.xcdatamodeld in Sources */ = {isa = PBXBuildFile; fileRef = 4D936322281C7B570067F139 /* SportsApp.xcdatamodeld */; };
		4D936326281C7B5C0067F139 /* Assets.xcassets in Resources */ = {isa = PBXBuildFile; fileRef = 4D936325281C7B5C0067F139 /* Assets.xcassets */; };
		4D936329281C7B5C0067F139 /* LaunchScreen.storyboard in Resources */ = {isa = PBXBuildFile; fileRef = 4D936327281C7B5C0067F139 /* LaunchScreen.storyboard */; };
		4D936334281C7B5C0067F139 /* SportsAppTests.swift in Sources */ = {isa = PBXBuildFile; fileRef = 4D936333281C7B5C0067F139 /* SportsAppTests.swift */; };
		4D93633E281C7B5C0067F139 /* SportsAppUITests.swift in Sources */ = {isa = PBXBuildFile; fileRef = 4D93633D281C7B5C0067F139 /* SportsAppUITests.swift */; };
		4D936340281C7B5C0067F139 /* SportsAppUITestsLaunchTests.swift in Sources */ = {isa = PBXBuildFile; fileRef = 4D93633F281C7B5C0067F139 /* SportsAppUITestsLaunchTests.swift */; };
		4D936355281CB3140067F139 /* leaguesItem.swift in Sources */ = {isa = PBXBuildFile; fileRef = 4D936354281CB3140067F139 /* leaguesItem.swift */; };
		4D936357281CC3CE0067F139 /* CoreDataService.swift in Sources */ = {isa = PBXBuildFile; fileRef = 4D936356281CC3CE0067F139 /* CoreDataService.swift */; };
		4D936359281CF2C90067F139 /* LeagueViewModel.swift in Sources */ = {isa = PBXBuildFile; fileRef = 4D936358281CF2C90067F139 /* LeagueViewModel.swift */; };
		4DA2FED0281D78EA00B2375B /* LeaguesViewController.swift in Sources */ = {isa = PBXBuildFile; fileRef = 4DA2FECF281D78EA00B2375B /* LeaguesViewController.swift */; };
		4DA2FED2281D798200B2375B /* LeaguesTableViewCell.swift in Sources */ = {isa = PBXBuildFile; fileRef = 4DA2FED1281D798200B2375B /* LeaguesTableViewCell.swift */; };
/* End PBXBuildFile section */

/* Begin PBXContainerItemProxy section */
		4D936330281C7B5C0067F139 /* PBXContainerItemProxy */ = {
			isa = PBXContainerItemProxy;
			containerPortal = 4D93630E281C7B570067F139 /* Project object */;
			proxyType = 1;
			remoteGlobalIDString = 4D936315281C7B570067F139;
			remoteInfo = SportsApp;
		};
		4D93633A281C7B5C0067F139 /* PBXContainerItemProxy */ = {
			isa = PBXContainerItemProxy;
			containerPortal = 4D93630E281C7B570067F139 /* Project object */;
			proxyType = 1;
			remoteGlobalIDString = 4D936315281C7B570067F139;
			remoteInfo = SportsApp;
		};
/* End PBXContainerItemProxy section */

/* Begin PBXFileReference section */
		4D936316281C7B570067F139 /* SportsApp.app */ = {isa = PBXFileReference; explicitFileType = wrapper.application; includeInIndex = 0; path = SportsApp.app; sourceTree = BUILT_PRODUCTS_DIR; };
		4D936319281C7B570067F139 /* AppDelegate.swift */ = {isa = PBXFileReference; lastKnownFileType = sourcecode.swift; path = AppDelegate.swift; sourceTree = "<group>"; };
		4D93631B281C7B570067F139 /* SceneDelegate.swift */ = {isa = PBXFileReference; lastKnownFileType = sourcecode.swift; path = SceneDelegate.swift; sourceTree = "<group>"; };
		4D93631D281C7B570067F139 /* ViewController.swift */ = {isa = PBXFileReference; lastKnownFileType = sourcecode.swift; path = ViewController.swift; sourceTree = "<group>"; };
		4D936320281C7B570067F139 /* Base */ = {isa = PBXFileReference; lastKnownFileType = file.storyboard; name = Base; path = Base.lproj/Main.storyboard; sourceTree = "<group>"; };
		4D936323281C7B570067F139 /* SportsApp.xcdatamodel */ = {isa = PBXFileReference; lastKnownFileType = wrapper.xcdatamodel; path = SportsApp.xcdatamodel; sourceTree = "<group>"; };
		4D936325281C7B5C0067F139 /* Assets.xcassets */ = {isa = PBXFileReference; lastKnownFileType = folder.assetcatalog; path = Assets.xcassets; sourceTree = "<group>"; };
		4D936328281C7B5C0067F139 /* Base */ = {isa = PBXFileReference; lastKnownFileType = file.storyboard; name = Base; path = Base.lproj/LaunchScreen.storyboard; sourceTree = "<group>"; };
		4D93632A281C7B5C0067F139 /* Info.plist */ = {isa = PBXFileReference; lastKnownFileType = text.plist.xml; path = Info.plist; sourceTree = "<group>"; };
		4D93632F281C7B5C0067F139 /* SportsAppTests.xctest */ = {isa = PBXFileReference; explicitFileType = wrapper.cfbundle; includeInIndex = 0; path = SportsAppTests.xctest; sourceTree = BUILT_PRODUCTS_DIR; };
		4D936333281C7B5C0067F139 /* SportsAppTests.swift */ = {isa = PBXFileReference; lastKnownFileType = sourcecode.swift; path = SportsAppTests.swift; sourceTree = "<group>"; };
		4D936339281C7B5C0067F139 /* SportsAppUITests.xctest */ = {isa = PBXFileReference; explicitFileType = wrapper.cfbundle; includeInIndex = 0; path = SportsAppUITests.xctest; sourceTree = BUILT_PRODUCTS_DIR; };
		4D93633D281C7B5C0067F139 /* SportsAppUITests.swift */ = {isa = PBXFileReference; lastKnownFileType = sourcecode.swift; path = SportsAppUITests.swift; sourceTree = "<group>"; };
		4D93633F281C7B5C0067F139 /* SportsAppUITestsLaunchTests.swift */ = {isa = PBXFileReference; lastKnownFileType = sourcecode.swift; path = SportsAppUITestsLaunchTests.swift; sourceTree = "<group>"; };
		4D936354281CB3140067F139 /* leaguesItem.swift */ = {isa = PBXFileReference; lastKnownFileType = sourcecode.swift; path = leaguesItem.swift; sourceTree = "<group>"; };
		4D936356281CC3CE0067F139 /* CoreDataService.swift */ = {isa = PBXFileReference; lastKnownFileType = sourcecode.swift; path = CoreDataService.swift; sourceTree = "<group>"; };
		4D936358281CF2C90067F139 /* LeagueViewModel.swift */ = {isa = PBXFileReference; lastKnownFileType = sourcecode.swift; path = LeagueViewModel.swift; sourceTree = "<group>"; };
		4DA2FECF281D78EA00B2375B /* LeaguesViewController.swift */ = {isa = PBXFileReference; lastKnownFileType = sourcecode.swift; path = LeaguesViewController.swift; sourceTree = "<group>"; };
		4DA2FED1281D798200B2375B /* LeaguesTableViewCell.swift */ = {isa = PBXFileReference; lastKnownFileType = sourcecode.swift; path = LeaguesTableViewCell.swift; sourceTree = "<group>"; };
		85191738AF7793CDEAD12D03 /* Pods-SportsApp.release.xcconfig */ = {isa = PBXFileReference; includeInIndex = 1; lastKnownFileType = text.xcconfig; name = "Pods-SportsApp.release.xcconfig"; path = "Target Support Files/Pods-SportsApp/Pods-SportsApp.release.xcconfig"; sourceTree = "<group>"; };
		B49BBF21B616D14AE14C61A4 /* Pods_SportsApp.framework */ = {isa = PBXFileReference; explicitFileType = wrapper.framework; includeInIndex = 0; path = Pods_SportsApp.framework; sourceTree = BUILT_PRODUCTS_DIR; };
		DAF034B35204BAB00208DDC7 /* Pods-SportsApp.debug.xcconfig */ = {isa = PBXFileReference; includeInIndex = 1; lastKnownFileType = text.xcconfig; name = "Pods-SportsApp.debug.xcconfig"; path = "Target Support Files/Pods-SportsApp/Pods-SportsApp.debug.xcconfig"; sourceTree = "<group>"; };
/* End PBXFileReference section */

/* Begin PBXFrameworksBuildPhase section */
		4D936313281C7B570067F139 /* Frameworks */ = {
			isa = PBXFrameworksBuildPhase;
			buildActionMask = 2147483647;
			files = (
				442EE821C37244C79B5A463A /* Pods_SportsApp.framework in Frameworks */,
			);
			runOnlyForDeploymentPostprocessing = 0;
		};
		4D93632C281C7B5C0067F139 /* Frameworks */ = {
			isa = PBXFrameworksBuildPhase;
			buildActionMask = 2147483647;
			files = (
			);
			runOnlyForDeploymentPostprocessing = 0;
		};
		4D936336281C7B5C0067F139 /* Frameworks */ = {
			isa = PBXFrameworksBuildPhase;
			buildActionMask = 2147483647;
			files = (
			);
			runOnlyForDeploymentPostprocessing = 0;
		};
/* End PBXFrameworksBuildPhase section */

/* Begin PBXGroup section */
		4D93630D281C7B570067F139 = {
			isa = PBXGroup;
			children = (
				4D936318281C7B570067F139 /* SportsApp */,
				4D936332281C7B5C0067F139 /* SportsAppTests */,
				4D93633C281C7B5C0067F139 /* SportsAppUITests */,
				4D936317281C7B570067F139 /* Products */,
				D4FA331F1278481B25C67F01 /* Pods */,
				82EEA64CD29DE97CDA082FD4 /* Frameworks */,
			);
			sourceTree = "<group>";
		};
		4D936317281C7B570067F139 /* Products */ = {
			isa = PBXGroup;
			children = (
				4D936316281C7B570067F139 /* SportsApp.app */,
				4D93632F281C7B5C0067F139 /* SportsAppTests.xctest */,
				4D936339281C7B5C0067F139 /* SportsAppUITests.xctest */,
			);
			name = Products;
			sourceTree = "<group>";
		};
		4D936318281C7B570067F139 /* SportsApp */ = {
			isa = PBXGroup;
			children = (
				4D936351281C7C1B0067F139 /* models */,
				4D936350281C7BE80067F139 /* viewModel */,
				4D93634F281C7BBC0067F139 /* views */,
				4D93634D281C7BA20067F139 /* ponso */,
				4D93634C281C7B930067F139 /* constants */,
				4D936319281C7B570067F139 /* AppDelegate.swift */,
				4D93631B281C7B570067F139 /* SceneDelegate.swift */,
				4D936325281C7B5C0067F139 /* Assets.xcassets */,
				4D93632A281C7B5C0067F139 /* Info.plist */,
				4D936322281C7B570067F139 /* SportsApp.xcdatamodeld */,
			);
			path = SportsApp;
			sourceTree = "<group>";
		};
		4D936332281C7B5C0067F139 /* SportsAppTests */ = {
			isa = PBXGroup;
			children = (
				4D936333281C7B5C0067F139 /* SportsAppTests.swift */,
			);
			path = SportsAppTests;
			sourceTree = "<group>";
		};
		4D93633C281C7B5C0067F139 /* SportsAppUITests */ = {
			isa = PBXGroup;
			children = (
				4D93633D281C7B5C0067F139 /* SportsAppUITests.swift */,
				4D93633F281C7B5C0067F139 /* SportsAppUITestsLaunchTests.swift */,
			);
			path = SportsAppUITests;
			sourceTree = "<group>";
		};
		4D93634C281C7B930067F139 /* constants */ = {
			isa = PBXGroup;
			children = (
			);
			path = constants;
			sourceTree = "<group>";
		};
		4D93634D281C7BA20067F139 /* ponso */ = {
			isa = PBXGroup;
			children = (
				4D936354281CB3140067F139 /* leaguesItem.swift */,
			);
			path = ponso;
			sourceTree = "<group>";
		};
		4D93634F281C7BBC0067F139 /* views */ = {
			isa = PBXGroup;
			children = (
				4D93631D281C7B570067F139 /* ViewController.swift */,
				4D93631F281C7B570067F139 /* Main.storyboard */,
				4D936327281C7B5C0067F139 /* LaunchScreen.storyboard */,
				4DA2FECF281D78EA00B2375B /* LeaguesViewController.swift */,
				4DA2FED1281D798200B2375B /* LeaguesTableViewCell.swift */,
			);
			path = views;
			sourceTree = "<group>";
		};
		4D936350281C7BE80067F139 /* viewModel */ = {
			isa = PBXGroup;
			children = (
				4D936358281CF2C90067F139 /* LeagueViewModel.swift */,
			);
			path = viewModel;
			sourceTree = "<group>";
		};
		4D936351281C7C1B0067F139 /* models */ = {
			isa = PBXGroup;
			children = (
				4D936356281CC3CE0067F139 /* CoreDataService.swift */,
			);
			path = models;
			sourceTree = "<group>";
		};
		82EEA64CD29DE97CDA082FD4 /* Frameworks */ = {
			isa = PBXGroup;
			children = (
				B49BBF21B616D14AE14C61A4 /* Pods_SportsApp.framework */,
			);
			name = Frameworks;
			sourceTree = "<group>";
		};
		D4FA331F1278481B25C67F01 /* Pods */ = {
			isa = PBXGroup;
			children = (
				DAF034B35204BAB00208DDC7 /* Pods-SportsApp.debug.xcconfig */,
				85191738AF7793CDEAD12D03 /* Pods-SportsApp.release.xcconfig */,
			);
			path = Pods;
			sourceTree = "<group>";
		};
/* End PBXGroup section */

/* Begin PBXNativeTarget section */
		4D936315281C7B570067F139 /* SportsApp */ = {
			isa = PBXNativeTarget;
			buildConfigurationList = 4D936343281C7B5C0067F139 /* Build configuration list for PBXNativeTarget "SportsApp" */;
			buildPhases = (
				B1E8E9EBD6EAE4931D53D8E8 /* [CP] Check Pods Manifest.lock */,
				4D936312281C7B570067F139 /* Sources */,
				4D936313281C7B570067F139 /* Frameworks */,
				4D936314281C7B570067F139 /* Resources */,
				2AC8571CEEA8A0C75CA6CAAF /* [CP] Embed Pods Frameworks */,
			);
			buildRules = (
			);
			dependencies = (
			);
			name = SportsApp;
			productName = SportsApp;
			productReference = 4D936316281C7B570067F139 /* SportsApp.app */;
			productType = "com.apple.product-type.application";
		};
		4D93632E281C7B5C0067F139 /* SportsAppTests */ = {
			isa = PBXNativeTarget;
			buildConfigurationList = 4D936346281C7B5C0067F139 /* Build configuration list for PBXNativeTarget "SportsAppTests" */;
			buildPhases = (
				4D93632B281C7B5C0067F139 /* Sources */,
				4D93632C281C7B5C0067F139 /* Frameworks */,
				4D93632D281C7B5C0067F139 /* Resources */,
			);
			buildRules = (
			);
			dependencies = (
				4D936331281C7B5C0067F139 /* PBXTargetDependency */,
			);
			name = SportsAppTests;
			productName = SportsAppTests;
			productReference = 4D93632F281C7B5C0067F139 /* SportsAppTests.xctest */;
			productType = "com.apple.product-type.bundle.unit-test";
		};
		4D936338281C7B5C0067F139 /* SportsAppUITests */ = {
			isa = PBXNativeTarget;
			buildConfigurationList = 4D936349281C7B5C0067F139 /* Build configuration list for PBXNativeTarget "SportsAppUITests" */;
			buildPhases = (
				4D936335281C7B5C0067F139 /* Sources */,
				4D936336281C7B5C0067F139 /* Frameworks */,
				4D936337281C7B5C0067F139 /* Resources */,
			);
			buildRules = (
			);
			dependencies = (
				4D93633B281C7B5C0067F139 /* PBXTargetDependency */,
			);
			name = SportsAppUITests;
			productName = SportsAppUITests;
			productReference = 4D936339281C7B5C0067F139 /* SportsAppUITests.xctest */;
			productType = "com.apple.product-type.bundle.ui-testing";
		};
/* End PBXNativeTarget section */

/* Begin PBXProject section */
		4D93630E281C7B570067F139 /* Project object */ = {
			isa = PBXProject;
			attributes = {
				BuildIndependentTargetsInParallel = 1;
				LastSwiftUpdateCheck = 1330;
				LastUpgradeCheck = 1330;
				TargetAttributes = {
					4D936315281C7B570067F139 = {
						CreatedOnToolsVersion = 13.3.1;
					};
					4D93632E281C7B5C0067F139 = {
						CreatedOnToolsVersion = 13.3.1;
						TestTargetID = 4D936315281C7B570067F139;
					};
					4D936338281C7B5C0067F139 = {
						CreatedOnToolsVersion = 13.3.1;
						TestTargetID = 4D936315281C7B570067F139;
					};
				};
			};
			buildConfigurationList = 4D936311281C7B570067F139 /* Build configuration list for PBXProject "SportsApp" */;
			compatibilityVersion = "Xcode 13.0";
			developmentRegion = en;
			hasScannedForEncodings = 0;
			knownRegions = (
				en,
				Base,
			);
			mainGroup = 4D93630D281C7B570067F139;
			productRefGroup = 4D936317281C7B570067F139 /* Products */;
			projectDirPath = "";
			projectRoot = "";
			targets = (
				4D936315281C7B570067F139 /* SportsApp */,
				4D93632E281C7B5C0067F139 /* SportsAppTests */,
				4D936338281C7B5C0067F139 /* SportsAppUITests */,
			);
		};
/* End PBXProject section */

/* Begin PBXResourcesBuildPhase section */
		4D936314281C7B570067F139 /* Resources */ = {
			isa = PBXResourcesBuildPhase;
			buildActionMask = 2147483647;
			files = (
				4D936329281C7B5C0067F139 /* LaunchScreen.storyboard in Resources */,
				4D936326281C7B5C0067F139 /* Assets.xcassets in Resources */,
				4D936321281C7B570067F139 /* Main.storyboard in Resources */,
			);
			runOnlyForDeploymentPostprocessing = 0;
		};
		4D93632D281C7B5C0067F139 /* Resources */ = {
			isa = PBXResourcesBuildPhase;
			buildActionMask = 2147483647;
			files = (
			);
			runOnlyForDeploymentPostprocessing = 0;
		};
		4D936337281C7B5C0067F139 /* Resources */ = {
			isa = PBXResourcesBuildPhase;
			buildActionMask = 2147483647;
			files = (
			);
			runOnlyForDeploymentPostprocessing = 0;
		};
/* End PBXResourcesBuildPhase section */

/* Begin PBXShellScriptBuildPhase section */
		2AC8571CEEA8A0C75CA6CAAF /* [CP] Embed Pods Frameworks */ = {
			isa = PBXShellScriptBuildPhase;
			buildActionMask = 2147483647;
			files = (
			);
			inputFileListPaths = (
				"${PODS_ROOT}/Target Support Files/Pods-SportsApp/Pods-SportsApp-frameworks-${CONFIGURATION}-input-files.xcfilelist",
			);
			name = "[CP] Embed Pods Frameworks";
			outputFileListPaths = (
				"${PODS_ROOT}/Target Support Files/Pods-SportsApp/Pods-SportsApp-frameworks-${CONFIGURATION}-output-files.xcfilelist",
			);
			runOnlyForDeploymentPostprocessing = 0;
			shellPath = /bin/sh;
			shellScript = "\"${PODS_ROOT}/Target Support Files/Pods-SportsApp/Pods-SportsApp-frameworks.sh\"\n";
			showEnvVarsInLog = 0;
		};
		B1E8E9EBD6EAE4931D53D8E8 /* [CP] Check Pods Manifest.lock */ = {
			isa = PBXShellScriptBuildPhase;
			buildActionMask = 2147483647;
			files = (
			);
			inputFileListPaths = (
			);
			inputPaths = (
				"${PODS_PODFILE_DIR_PATH}/Podfile.lock",
				"${PODS_ROOT}/Manifest.lock",
			);
			name = "[CP] Check Pods Manifest.lock";
			outputFileListPaths = (
			);
			outputPaths = (
				"$(DERIVED_FILE_DIR)/Pods-SportsApp-checkManifestLockResult.txt",
			);
			runOnlyForDeploymentPostprocessing = 0;
			shellPath = /bin/sh;
			shellScript = "diff \"${PODS_PODFILE_DIR_PATH}/Podfile.lock\" \"${PODS_ROOT}/Manifest.lock\" > /dev/null\nif [ $? != 0 ] ; then\n    # print error to STDERR\n    echo \"error: The sandbox is not in sync with the Podfile.lock. Run 'pod install' or update your CocoaPods installation.\" >&2\n    exit 1\nfi\n# This output is used by Xcode 'outputs' to avoid re-running this script phase.\necho \"SUCCESS\" > \"${SCRIPT_OUTPUT_FILE_0}\"\n";
			showEnvVarsInLog = 0;
		};
/* End PBXShellScriptBuildPhase section */

/* Begin PBXSourcesBuildPhase section */
		4D936312281C7B570067F139 /* Sources */ = {
			isa = PBXSourcesBuildPhase;
			buildActionMask = 2147483647;
			files = (
				4D936357281CC3CE0067F139 /* CoreDataService.swift in Sources */,
				4D936355281CB3140067F139 /* leaguesItem.swift in Sources */,
				4D93631E281C7B570067F139 /* ViewController.swift in Sources */,
				4DA2FED0281D78EA00B2375B /* LeaguesViewController.swift in Sources */,
				4D93631A281C7B570067F139 /* AppDelegate.swift in Sources */,
				4D936359281CF2C90067F139 /* LeagueViewModel.swift in Sources */,
				4D936324281C7B570067F139 /* SportsApp.xcdatamodeld in Sources */,
				4DA2FED2281D798200B2375B /* LeaguesTableViewCell.swift in Sources */,
				4D93631C281C7B570067F139 /* SceneDelegate.swift in Sources */,
			);
			runOnlyForDeploymentPostprocessing = 0;
		};
		4D93632B281C7B5C0067F139 /* Sources */ = {
			isa = PBXSourcesBuildPhase;
			buildActionMask = 2147483647;
			files = (
				4D936334281C7B5C0067F139 /* SportsAppTests.swift in Sources */,
			);
			runOnlyForDeploymentPostprocessing = 0;
		};
		4D936335281C7B5C0067F139 /* Sources */ = {
			isa = PBXSourcesBuildPhase;
			buildActionMask = 2147483647;
			files = (
				4D93633E281C7B5C0067F139 /* SportsAppUITests.swift in Sources */,
				4D936340281C7B5C0067F139 /* SportsAppUITestsLaunchTests.swift in Sources */,
			);
			runOnlyForDeploymentPostprocessing = 0;
		};
/* End PBXSourcesBuildPhase section */

/* Begin PBXTargetDependency section */
		4D936331281C7B5C0067F139 /* PBXTargetDependency */ = {
			isa = PBXTargetDependency;
			target = 4D936315281C7B570067F139 /* SportsApp */;
			targetProxy = 4D936330281C7B5C0067F139 /* PBXContainerItemProxy */;
		};
		4D93633B281C7B5C0067F139 /* PBXTargetDependency */ = {
			isa = PBXTargetDependency;
			target = 4D936315281C7B570067F139 /* SportsApp */;
			targetProxy = 4D93633A281C7B5C0067F139 /* PBXContainerItemProxy */;
		};
/* End PBXTargetDependency section */

/* Begin PBXVariantGroup section */
		4D93631F281C7B570067F139 /* Main.storyboard */ = {
			isa = PBXVariantGroup;
			children = (
				4D936320281C7B570067F139 /* Base */,
			);
			name = Main.storyboard;
			sourceTree = "<group>";
		};
		4D936327281C7B5C0067F139 /* LaunchScreen.storyboard */ = {
			isa = PBXVariantGroup;
			children = (
				4D936328281C7B5C0067F139 /* Base */,
			);
			name = LaunchScreen.storyboard;
			sourceTree = "<group>";
		};
/* End PBXVariantGroup section */

/* Begin XCBuildConfiguration section */
		4D936341281C7B5C0067F139 /* Debug */ = {
			isa = XCBuildConfiguration;
			buildSettings = {
				ALWAYS_SEARCH_USER_PATHS = NO;
				CLANG_ANALYZER_NONNULL = YES;
				CLANG_ANALYZER_NUMBER_OBJECT_CONVERSION = YES_AGGRESSIVE;
				CLANG_CXX_LANGUAGE_STANDARD = "gnu++17";
				CLANG_ENABLE_MODULES = YES;
				CLANG_ENABLE_OBJC_ARC = YES;
				CLANG_ENABLE_OBJC_WEAK = YES;
				CLANG_WARN_BLOCK_CAPTURE_AUTORELEASING = YES;
				CLANG_WARN_BOOL_CONVERSION = YES;
				CLANG_WARN_COMMA = YES;
				CLANG_WARN_CONSTANT_CONVERSION = YES;
				CLANG_WARN_DEPRECATED_OBJC_IMPLEMENTATIONS = YES;
				CLANG_WARN_DIRECT_OBJC_ISA_USAGE = YES_ERROR;
				CLANG_WARN_DOCUMENTATION_COMMENTS = YES;
				CLANG_WARN_EMPTY_BODY = YES;
				CLANG_WARN_ENUM_CONVERSION = YES;
				CLANG_WARN_INFINITE_RECURSION = YES;
				CLANG_WARN_INT_CONVERSION = YES;
				CLANG_WARN_NON_LITERAL_NULL_CONVERSION = YES;
				CLANG_WARN_OBJC_IMPLICIT_RETAIN_SELF = YES;
				CLANG_WARN_OBJC_LITERAL_CONVERSION = YES;
				CLANG_WARN_OBJC_ROOT_CLASS = YES_ERROR;
				CLANG_WARN_QUOTED_INCLUDE_IN_FRAMEWORK_HEADER = YES;
				CLANG_WARN_RANGE_LOOP_ANALYSIS = YES;
				CLANG_WARN_STRICT_PROTOTYPES = YES;
				CLANG_WARN_SUSPICIOUS_MOVE = YES;
				CLANG_WARN_UNGUARDED_AVAILABILITY = YES_AGGRESSIVE;
				CLANG_WARN_UNREACHABLE_CODE = YES;
				CLANG_WARN__DUPLICATE_METHOD_MATCH = YES;
				COPY_PHASE_STRIP = NO;
				DEBUG_INFORMATION_FORMAT = dwarf;
				ENABLE_STRICT_OBJC_MSGSEND = YES;
				ENABLE_TESTABILITY = YES;
				GCC_C_LANGUAGE_STANDARD = gnu11;
				GCC_DYNAMIC_NO_PIC = NO;
				GCC_NO_COMMON_BLOCKS = YES;
				GCC_OPTIMIZATION_LEVEL = 0;
				GCC_PREPROCESSOR_DEFINITIONS = (
					"DEBUG=1",
					"$(inherited)",
				);
				GCC_WARN_64_TO_32_BIT_CONVERSION = YES;
				GCC_WARN_ABOUT_RETURN_TYPE = YES_ERROR;
				GCC_WARN_UNDECLARED_SELECTOR = YES;
				GCC_WARN_UNINITIALIZED_AUTOS = YES_AGGRESSIVE;
				GCC_WARN_UNUSED_FUNCTION = YES;
				GCC_WARN_UNUSED_VARIABLE = YES;
				IPHONEOS_DEPLOYMENT_TARGET = 15.4;
				MTL_ENABLE_DEBUG_INFO = INCLUDE_SOURCE;
				MTL_FAST_MATH = YES;
				ONLY_ACTIVE_ARCH = YES;
				SDKROOT = iphoneos;
				SWIFT_ACTIVE_COMPILATION_CONDITIONS = DEBUG;
				SWIFT_OPTIMIZATION_LEVEL = "-Onone";
			};
			name = Debug;
		};
		4D936342281C7B5C0067F139 /* Release */ = {
			isa = XCBuildConfiguration;
			buildSettings = {
				ALWAYS_SEARCH_USER_PATHS = NO;
				CLANG_ANALYZER_NONNULL = YES;
				CLANG_ANALYZER_NUMBER_OBJECT_CONVERSION = YES_AGGRESSIVE;
				CLANG_CXX_LANGUAGE_STANDARD = "gnu++17";
				CLANG_ENABLE_MODULES = YES;
				CLANG_ENABLE_OBJC_ARC = YES;
				CLANG_ENABLE_OBJC_WEAK = YES;
				CLANG_WARN_BLOCK_CAPTURE_AUTORELEASING = YES;
				CLANG_WARN_BOOL_CONVERSION = YES;
				CLANG_WARN_COMMA = YES;
				CLANG_WARN_CONSTANT_CONVERSION = YES;
				CLANG_WARN_DEPRECATED_OBJC_IMPLEMENTATIONS = YES;
				CLANG_WARN_DIRECT_OBJC_ISA_USAGE = YES_ERROR;
				CLANG_WARN_DOCUMENTATION_COMMENTS = YES;
				CLANG_WARN_EMPTY_BODY = YES;
				CLANG_WARN_ENUM_CONVERSION = YES;
				CLANG_WARN_INFINITE_RECURSION = YES;
				CLANG_WARN_INT_CONVERSION = YES;
				CLANG_WARN_NON_LITERAL_NULL_CONVERSION = YES;
				CLANG_WARN_OBJC_IMPLICIT_RETAIN_SELF = YES;
				CLANG_WARN_OBJC_LITERAL_CONVERSION = YES;
				CLANG_WARN_OBJC_ROOT_CLASS = YES_ERROR;
				CLANG_WARN_QUOTED_INCLUDE_IN_FRAMEWORK_HEADER = YES;
				CLANG_WARN_RANGE_LOOP_ANALYSIS = YES;
				CLANG_WARN_STRICT_PROTOTYPES = YES;
				CLANG_WARN_SUSPICIOUS_MOVE = YES;
				CLANG_WARN_UNGUARDED_AVAILABILITY = YES_AGGRESSIVE;
				CLANG_WARN_UNREACHABLE_CODE = YES;
				CLANG_WARN__DUPLICATE_METHOD_MATCH = YES;
				COPY_PHASE_STRIP = NO;
				DEBUG_INFORMATION_FORMAT = "dwarf-with-dsym";
				ENABLE_NS_ASSERTIONS = NO;
				ENABLE_STRICT_OBJC_MSGSEND = YES;
				GCC_C_LANGUAGE_STANDARD = gnu11;
				GCC_NO_COMMON_BLOCKS = YES;
				GCC_WARN_64_TO_32_BIT_CONVERSION = YES;
				GCC_WARN_ABOUT_RETURN_TYPE = YES_ERROR;
				GCC_WARN_UNDECLARED_SELECTOR = YES;
				GCC_WARN_UNINITIALIZED_AUTOS = YES_AGGRESSIVE;
				GCC_WARN_UNUSED_FUNCTION = YES;
				GCC_WARN_UNUSED_VARIABLE = YES;
				IPHONEOS_DEPLOYMENT_TARGET = 15.4;
				MTL_ENABLE_DEBUG_INFO = NO;
				MTL_FAST_MATH = YES;
				SDKROOT = iphoneos;
				SWIFT_COMPILATION_MODE = wholemodule;
				SWIFT_OPTIMIZATION_LEVEL = "-O";
				VALIDATE_PRODUCT = YES;
			};
			name = Release;
		};
		4D936344281C7B5C0067F139 /* Debug */ = {
			isa = XCBuildConfiguration;
			baseConfigurationReference = DAF034B35204BAB00208DDC7 /* Pods-SportsApp.debug.xcconfig */;
			buildSettings = {
				ASSETCATALOG_COMPILER_APPICON_NAME = AppIcon;
				ASSETCATALOG_COMPILER_GLOBAL_ACCENT_COLOR_NAME = AccentColor;
				CODE_SIGN_STYLE = Automatic;
				CURRENT_PROJECT_VERSION = 1;
				DEVELOPMENT_TEAM = FU4635KL3Z;
				GENERATE_INFOPLIST_FILE = YES;
				INFOPLIST_FILE = SportsApp/Info.plist;
				INFOPLIST_KEY_UIApplicationSupportsIndirectInputEvents = YES;
				INFOPLIST_KEY_UILaunchStoryboardName = LaunchScreen;
				INFOPLIST_KEY_UIMainStoryboardFile = Main;
				INFOPLIST_KEY_UISupportedInterfaceOrientations_iPad = "UIInterfaceOrientationPortrait UIInterfaceOrientationPortraitUpsideDown UIInterfaceOrientationLandscapeLeft UIInterfaceOrientationLandscapeRight";
				INFOPLIST_KEY_UISupportedInterfaceOrientations_iPhone = "UIInterfaceOrientationPortrait UIInterfaceOrientationLandscapeLeft UIInterfaceOrientationLandscapeRight";
				LD_RUNPATH_SEARCH_PATHS = (
					"$(inherited)",
					"@executable_path/Frameworks",
				);
				MARKETING_VERSION = 1.0;
				PRODUCT_BUNDLE_IDENTIFIER = com.training.SportsApp;
				PRODUCT_NAME = "$(TARGET_NAME)";
				SWIFT_EMIT_LOC_STRINGS = YES;
				SWIFT_VERSION = 5.0;
				TARGETED_DEVICE_FAMILY = "1,2";
			};
			name = Debug;
		};
		4D936345281C7B5C0067F139 /* Release */ = {
			isa = XCBuildConfiguration;
			baseConfigurationReference = 85191738AF7793CDEAD12D03 /* Pods-SportsApp.release.xcconfig */;
			buildSettings = {
				ASSETCATALOG_COMPILER_APPICON_NAME = AppIcon;
				ASSETCATALOG_COMPILER_GLOBAL_ACCENT_COLOR_NAME = AccentColor;
				CODE_SIGN_STYLE = Automatic;
				CURRENT_PROJECT_VERSION = 1;
				DEVELOPMENT_TEAM = FU4635KL3Z;
				GENERATE_INFOPLIST_FILE = YES;
				INFOPLIST_FILE = SportsApp/Info.plist;
				INFOPLIST_KEY_UIApplicationSupportsIndirectInputEvents = YES;
				INFOPLIST_KEY_UILaunchStoryboardName = LaunchScreen;
				INFOPLIST_KEY_UIMainStoryboardFile = Main;
				INFOPLIST_KEY_UISupportedInterfaceOrientations_iPad = "UIInterfaceOrientationPortrait UIInterfaceOrientationPortraitUpsideDown UIInterfaceOrientationLandscapeLeft UIInterfaceOrientationLandscapeRight";
				INFOPLIST_KEY_UISupportedInterfaceOrientations_iPhone = "UIInterfaceOrientationPortrait UIInterfaceOrientationLandscapeLeft UIInterfaceOrientationLandscapeRight";
				LD_RUNPATH_SEARCH_PATHS = (
					"$(inherited)",
					"@executable_path/Frameworks",
				);
				MARKETING_VERSION = 1.0;
				PRODUCT_BUNDLE_IDENTIFIER = com.training.SportsApp;
				PRODUCT_NAME = "$(TARGET_NAME)";
				SWIFT_EMIT_LOC_STRINGS = YES;
				SWIFT_VERSION = 5.0;
				TARGETED_DEVICE_FAMILY = "1,2";
			};
			name = Release;
		};
		4D936347281C7B5C0067F139 /* Debug */ = {
			isa = XCBuildConfiguration;
			buildSettings = {
				ALWAYS_EMBED_SWIFT_STANDARD_LIBRARIES = YES;
				BUNDLE_LOADER = "$(TEST_HOST)";
				CODE_SIGN_STYLE = Automatic;
				CURRENT_PROJECT_VERSION = 1;
				DEVELOPMENT_TEAM = FU4635KL3Z;
				GENERATE_INFOPLIST_FILE = YES;
				IPHONEOS_DEPLOYMENT_TARGET = 15.4;
				MARKETING_VERSION = 1.0;
				PRODUCT_BUNDLE_IDENTIFIER = com.training.SportsAppTests;
				PRODUCT_NAME = "$(TARGET_NAME)";
				SWIFT_EMIT_LOC_STRINGS = NO;
				SWIFT_VERSION = 5.0;
				TARGETED_DEVICE_FAMILY = "1,2";
				TEST_HOST = "$(BUILT_PRODUCTS_DIR)/SportsApp.app/SportsApp";
			};
			name = Debug;
		};
		4D936348281C7B5C0067F139 /* Release */ = {
			isa = XCBuildConfiguration;
			buildSettings = {
				ALWAYS_EMBED_SWIFT_STANDARD_LIBRARIES = YES;
				BUNDLE_LOADER = "$(TEST_HOST)";
				CODE_SIGN_STYLE = Automatic;
				CURRENT_PROJECT_VERSION = 1;
				DEVELOPMENT_TEAM = FU4635KL3Z;
				GENERATE_INFOPLIST_FILE = YES;
				IPHONEOS_DEPLOYMENT_TARGET = 15.4;
				MARKETING_VERSION = 1.0;
				PRODUCT_BUNDLE_IDENTIFIER = com.training.SportsAppTests;
				PRODUCT_NAME = "$(TARGET_NAME)";
				SWIFT_EMIT_LOC_STRINGS = NO;
				SWIFT_VERSION = 5.0;
				TARGETED_DEVICE_FAMILY = "1,2";
				TEST_HOST = "$(BUILT_PRODUCTS_DIR)/SportsApp.app/SportsApp";
			};
			name = Release;
		};
		4D93634A281C7B5C0067F139 /* Debug */ = {
			isa = XCBuildConfiguration;
			buildSettings = {
				ALWAYS_EMBED_SWIFT_STANDARD_LIBRARIES = YES;
				CODE_SIGN_STYLE = Automatic;
				CURRENT_PROJECT_VERSION = 1;
				DEVELOPMENT_TEAM = FU4635KL3Z;
				GENERATE_INFOPLIST_FILE = YES;
				MARKETING_VERSION = 1.0;
				PRODUCT_BUNDLE_IDENTIFIER = com.training.SportsAppUITests;
				PRODUCT_NAME = "$(TARGET_NAME)";
				SWIFT_EMIT_LOC_STRINGS = NO;
				SWIFT_VERSION = 5.0;
				TARGETED_DEVICE_FAMILY = "1,2";
				TEST_TARGET_NAME = SportsApp;
			};
			name = Debug;
		};
		4D93634B281C7B5C0067F139 /* Release */ = {
			isa = XCBuildConfiguration;
			buildSettings = {
				ALWAYS_EMBED_SWIFT_STANDARD_LIBRARIES = YES;
				CODE_SIGN_STYLE = Automatic;
				CURRENT_PROJECT_VERSION = 1;
				DEVELOPMENT_TEAM = FU4635KL3Z;
				GENERATE_INFOPLIST_FILE = YES;
				MARKETING_VERSION = 1.0;
				PRODUCT_BUNDLE_IDENTIFIER = com.training.SportsAppUITests;
				PRODUCT_NAME = "$(TARGET_NAME)";
				SWIFT_EMIT_LOC_STRINGS = NO;
				SWIFT_VERSION = 5.0;
				TARGETED_DEVICE_FAMILY = "1,2";
				TEST_TARGET_NAME = SportsApp;
			};
			name = Release;
		};
/* End XCBuildConfiguration section */

/* Begin XCConfigurationList section */
		4D936311281C7B570067F139 /* Build configuration list for PBXProject "SportsApp" */ = {
			isa = XCConfigurationList;
			buildConfigurations = (
				4D936341281C7B5C0067F139 /* Debug */,
				4D936342281C7B5C0067F139 /* Release */,
			);
			defaultConfigurationIsVisible = 0;
			defaultConfigurationName = Release;
		};
		4D936343281C7B5C0067F139 /* Build configuration list for PBXNativeTarget "SportsApp" */ = {
			isa = XCConfigurationList;
			buildConfigurations = (
				4D936344281C7B5C0067F139 /* Debug */,
				4D936345281C7B5C0067F139 /* Release */,
			);
			defaultConfigurationIsVisible = 0;
			defaultConfigurationName = Release;
		};
		4D936346281C7B5C0067F139 /* Build configuration list for PBXNativeTarget "SportsAppTests" */ = {
			isa = XCConfigurationList;
			buildConfigurations = (
				4D936347281C7B5C0067F139 /* Debug */,
				4D936348281C7B5C0067F139 /* Release */,
			);
			defaultConfigurationIsVisible = 0;
			defaultConfigurationName = Release;
		};
		4D936349281C7B5C0067F139 /* Build configuration list for PBXNativeTarget "SportsAppUITests" */ = {
			isa = XCConfigurationList;
			buildConfigurations = (
				4D93634A281C7B5C0067F139 /* Debug */,
				4D93634B281C7B5C0067F139 /* Release */,
			);
			defaultConfigurationIsVisible = 0;
			defaultConfigurationName = Release;
		};
/* End XCConfigurationList section */

/* Begin XCVersionGroup section */
		4D936322281C7B570067F139 /* SportsApp.xcdatamodeld */ = {
			isa = XCVersionGroup;
			children = (
				4D936323281C7B570067F139 /* SportsApp.xcdatamodel */,
			);
			currentVersion = 4D936323281C7B570067F139 /* SportsApp.xcdatamodel */;
			path = SportsApp.xcdatamodeld;
			sourceTree = "<group>";
			versionGroupType = wrapper.xcdatamodel;
		};
/* End XCVersionGroup section */
	};
	rootObject = 4D93630E281C7B570067F139 /* Project object */;
}
